
Microsoft Visual Studio Solution File, Format Version 12.00
# Visual Studio Version 17
VisualStudioVersion = 17.5.002.0
MinimumVisualStudioVersion = 10.0.40219.1
Project("{9A19103F-16F7-4668-BE54-9A1E7A4F7556}") = "MinhaPrimeiraAPI", "MinhaPrimeiraAPI.csproj", "{9D91C47C-E4AF-4F08-B7B1-91332214E77F}"
EndProject
Global
	GlobalSection(SolutionConfigurationPlatforms) = preSolution
		Debug|Any CPU = Debug|Any CPU
		Release|Any CPU = Release|Any CPU
	EndGlobalSection
	GlobalSection(ProjectConfigurationPlatforms) = postSolution
		{9D91C47C-E4AF-4F08-B7B1-91332214E77F}.Debug|Any CPU.ActiveCfg = Debug|Any CPU
		{9D91C47C-E4AF-4F08-B7B1-91332214E77F}.Debug|Any CPU.Build.0 = Debug|Any CPU
		{9D91C47C-E4AF-4F08-B7B1-91332214E77F}.Release|Any CPU.ActiveCfg = Release|Any CPU
		{9D91C47C-E4AF-4F08-B7B1-91332214E77F}.Release|Any CPU.Build.0 = Release|Any CPU
	EndGlobalSection
	GlobalSection(SolutionProperties) = preSolution
		HideSolutionNode = FALSE
	EndGlobalSection
	GlobalSection(ExtensibilityGlobals) = postSolution
		SolutionGuid = {9118072B-7169-462F-80C3-10EDE9BE0E9C}
	EndGlobalSection
EndGlobal
